
Microsoft Visual Studio Solution File, Format Version 12.00
# Visual Studio Version 17
VisualStudioVersion = 17.6.33815.320
MinimumVisualStudioVersion = 10.0.40219.1
Project("{FAE04EC0-301F-11D3-BF4B-00C04F79EFBC}") = "DotNettoPython", "DotNettoPython.csproj", "{3E7CA8B6-B5D7-4AC9-81B0-08592D59B087}"
EndProject
Global
	GlobalSection(SolutionConfigurationPlatforms) = preSolution
		Debug|Any CPU = Debug|Any CPU
		Release|Any CPU = Release|Any CPU
	EndGlobalSection
	GlobalSection(ProjectConfigurationPlatforms) = postSolution
		{3E7CA8B6-B5D7-4AC9-81B0-08592D59B087}.Debug|Any CPU.ActiveCfg = Debug|Any CPU
		{3E7CA8B6-B5D7-4AC9-81B0-08592D59B087}.Debug|Any CPU.Build.0 = Debug|Any CPU
		{3E7CA8B6-B5D7-4AC9-81B0-08592D59B087}.Release|Any CPU.ActiveCfg = Release|Any CPU
		{3E7CA8B6-B5D7-4AC9-81B0-08592D59B087}.Release|Any CPU.Build.0 = Release|Any CPU
	EndGlobalSection
	GlobalSection(SolutionProperties) = preSolution
		HideSolutionNode = FALSE
	EndGlobalSection
	GlobalSection(ExtensibilityGlobals) = postSolution
		SolutionGuid = {F7905A52-CECA-496B-9EE5-0915304A62DE}
	EndGlobalSection
EndGlobal
